
Microsoft Visual Studio Solution File, Format Version 12.00
# Visual Studio 2013
VisualStudioVersion = 12.0.21005.1
MinimumVisualStudioVersion = 10.0.40219.1
Project("{FAE04EC0-301F-11D3-BF4B-00C04F79EFBC}") = "MvcApplicationWCFConsume", "MvcApplicationWCFConsume\MvcApplicationWCFConsume.csproj", "{DAC76C4F-0E6D-4388-AF0A-42B79A47BD8C}"
EndProject
Global
	GlobalSection(SolutionConfigurationPlatforms) = preSolution
		Debug|Any CPU = Debug|Any CPU
		Release|Any CPU = Release|Any CPU
	EndGlobalSection
	GlobalSection(ProjectConfigurationPlatforms) = postSolution
		{DAC76C4F-0E6D-4388-AF0A-42B79A47BD8C}.Debug|Any CPU.ActiveCfg = Debug|Any CPU
		{DAC76C4F-0E6D-4388-AF0A-42B79A47BD8C}.Debug|Any CPU.Build.0 = Debug|Any CPU
		{DAC76C4F-0E6D-4388-AF0A-42B79A47BD8C}.Release|Any CPU.ActiveCfg = Release|Any CPU
		{DAC76C4F-0E6D-4388-AF0A-42B79A47BD8C}.Release|Any CPU.Build.0 = Release|Any CPU
	EndGlobalSection
	GlobalSection(SolutionProperties) = preSolution
		HideSolutionNode = FALSE
	EndGlobalSection
EndGlobal
